
Microsoft Visual Studio Solution File, Format Version 12.00
# Visual Studio Version 17
VisualStudioVersion = 17.0.31903.59
MinimumVisualStudioVersion = 10.0.40219.1
Project("{2150E333-8FDC-42A3-9474-1A3956D46DE8}") = "src", "src", "{827E0CD3-B72D-47B6-A68D-7590B98EB39B}"
EndProject
Project("{2150E333-8FDC-42A3-9474-1A3956D46DE8}") = "Modules", "Modules", "{EC447DCF-ABFA-6E24-52A5-D7FD48A5C558}"
EndProject
Project("{2150E333-8FDC-42A3-9474-1A3956D46DE8}") = "Users", "Users", "{A26F344D-182E-CE53-AD51-2154946AC6F3}"
EndProject
Project("{FAE04EC0-301F-11D3-BF4B-00C04F79EFBC}") = "DeventSoft.RoadmapSkills.Users.Domain", "src\Modules\Users\DeventSoft.RoadmapSkills.Users.Domain\DeventSoft.RoadmapSkills.Users.Domain.csproj", "{05D2B5B0-7BBD-47AB-9222-E24BEE991F0E}"
EndProject
Project("{FAE04EC0-301F-11D3-BF4B-00C04F79EFBC}") = "DeventSoft.RoadmapSkills.Users.Application", "src\Modules\Users\DeventSoft.RoadmapSkills.Users.Application\DeventSoft.RoadmapSkills.Users.Application.csproj", "{A7869022-FCA8-429E-87CB-AF85ED7BF6AD}"
EndProject
Project("{FAE04EC0-301F-11D3-BF4B-00C04F79EFBC}") = "DeventSoft.RoadmapSkills.Users.Infrastructure", "src\Modules\Users\DeventSoft.RoadmapSkills.Users.Infrastructure\DeventSoft.RoadmapSkills.Users.Infrastructure.csproj", "{A140AC3B-C206-42C7-A0C0-8C5976201006}"
EndProject
Project("{FAE04EC0-301F-11D3-BF4B-00C04F79EFBC}") = "DeventSoft.RoadmapSkills.Users.Api", "src\Modules\Users\DeventSoft.RoadmapSkills.Users.Api\DeventSoft.RoadmapSkills.Users.Api.csproj", "{3C07607C-A7B1-45B6-8A11-519C6C88CBD2}"
EndProject
Project("{2150E333-8FDC-42A3-9474-1A3956D46DE8}") = "tests", "tests", "{0AB3BF05-4346-4AA6-1389-037BE0695223}"
EndProject
Project("{2150E333-8FDC-42A3-9474-1A3956D46DE8}") = "Modules", "Modules", "{D7DC9B74-6BC4-2470-2038-1E57C2DCB73B}"
EndProject
Project("{2150E333-8FDC-42A3-9474-1A3956D46DE8}") = "Users", "Users", "{88BF9D80-0990-C629-FF1D-330A8814DE88}"
EndProject
Project("{FAE04EC0-301F-11D3-BF4B-00C04F79EFBC}") = "DeventSoft.RoadmapSkills.Users.UnitTests", "tests\Modules\Users\DeventSoft.RoadmapSkills.Users.UnitTests\DeventSoft.RoadmapSkills.Users.UnitTests.csproj", "{9798B2DC-6D4D-4D6F-AF28-27692E91E692}"
EndProject
Project("{FAE04EC0-301F-11D3-BF4B-00C04F79EFBC}") = "DeventSoft.RoadmapSkills.Users.IntegrationTests", "tests\Modules\Users\DeventSoft.RoadmapSkills.Users.IntegrationTests\DeventSoft.RoadmapSkills.Users.IntegrationTests.csproj", "{EFEF4427-84FD-4F20-969C-9250616C126A}"
EndProject
Project("{FAE04EC0-301F-11D3-BF4B-00C04F79EFBC}") = "DeventSoft.RoadmapSkills.Api", "src\DeventSoft.RoadmapSkills.Api\DeventSoft.RoadmapSkills.Api.csproj", "{3E65C3CE-C838-4495-A57D-EC7030DCAD6F}"
EndProject
Project("{FAE04EC0-301F-11D3-BF4B-00C04F79EFBC}") = "DeventSoft.RoadmapSkills.BlazorApp", "src\DeventSoft.RoadmapSkills.BlazorApp\DeventSoft.RoadmapSkills.BlazorApp.csproj", "{3D193776-67CA-42F9-8316-A32A679C8F07}"
EndProject
Global
	GlobalSection(SolutionConfigurationPlatforms) = preSolution
		Debug|Any CPU = Debug|Any CPU
		Debug|x64 = Debug|x64
		Debug|x86 = Debug|x86
		Release|Any CPU = Release|Any CPU
		Release|x64 = Release|x64
		Release|x86 = Release|x86
	EndGlobalSection
	GlobalSection(ProjectConfigurationPlatforms) = postSolution
		{05D2B5B0-7BBD-47AB-9222-E24BEE991F0E}.Debug|Any CPU.ActiveCfg = Debug|Any CPU
		{05D2B5B0-7BBD-47AB-9222-E24BEE991F0E}.Debug|Any CPU.Build.0 = Debug|Any CPU
		{05D2B5B0-7BBD-47AB-9222-E24BEE991F0E}.Debug|x64.ActiveCfg = Debug|Any CPU
		{05D2B5B0-7BBD-47AB-9222-E24BEE991F0E}.Debug|x64.Build.0 = Debug|Any CPU
		{05D2B5B0-7BBD-47AB-9222-E24BEE991F0E}.Debug|x86.ActiveCfg = Debug|Any CPU
		{05D2B5B0-7BBD-47AB-9222-E24BEE991F0E}.Debug|x86.Build.0 = Debug|Any CPU
		{05D2B5B0-7BBD-47AB-9222-E24BEE991F0E}.Release|Any CPU.ActiveCfg = Release|Any CPU
		{05D2B5B0-7BBD-47AB-9222-E24BEE991F0E}.Release|Any CPU.Build.0 = Release|Any CPU
		{05D2B5B0-7BBD-47AB-9222-E24BEE991F0E}.Release|x64.ActiveCfg = Release|Any CPU
		{05D2B5B0-7BBD-47AB-9222-E24BEE991F0E}.Release|x64.Build.0 = Release|Any CPU
		{05D2B5B0-7BBD-47AB-9222-E24BEE991F0E}.Release|x86.ActiveCfg = Release|Any CPU
		{05D2B5B0-7BBD-47AB-9222-E24BEE991F0E}.Release|x86.Build.0 = Release|Any CPU
		{A7869022-FCA8-429E-87CB-AF85ED7BF6AD}.Debug|Any CPU.ActiveCfg = Debug|Any CPU
		{A7869022-FCA8-429E-87CB-AF85ED7BF6AD}.Debug|Any CPU.Build.0 = Debug|Any CPU
		{A7869022-FCA8-429E-87CB-AF85ED7BF6AD}.Debug|x64.ActiveCfg = Debug|Any CPU
		{A7869022-FCA8-429E-87CB-AF85ED7BF6AD}.Debug|x64.Build.0 = Debug|Any CPU
		{A7869022-FCA8-429E-87CB-AF85ED7BF6AD}.Debug|x86.ActiveCfg = Debug|Any CPU
		{A7869022-FCA8-429E-87CB-AF85ED7BF6AD}.Debug|x86.Build.0 = Debug|Any CPU
		{A7869022-FCA8-429E-87CB-AF85ED7BF6AD}.Release|Any CPU.ActiveCfg = Release|Any CPU
		{A7869022-FCA8-429E-87CB-AF85ED7BF6AD}.Release|Any CPU.Build.0 = Release|Any CPU
		{A7869022-FCA8-429E-87CB-AF85ED7BF6AD}.Release|x64.ActiveCfg = Release|Any CPU
		{A7869022-FCA8-429E-87CB-AF85ED7BF6AD}.Release|x64.Build.0 = Release|Any CPU
		{A7869022-FCA8-429E-87CB-AF85ED7BF6AD}.Release|x86.ActiveCfg = Release|Any CPU
		{A7869022-FCA8-429E-87CB-AF85ED7BF6AD}.Release|x86.Build.0 = Release|Any CPU
		{A140AC3B-C206-42C7-A0C0-8C5976201006}.Debug|Any CPU.ActiveCfg = Debug|Any CPU
		{A140AC3B-C206-42C7-A0C0-8C5976201006}.Debug|Any CPU.Build.0 = Debug|Any CPU
		{A140AC3B-C206-42C7-A0C0-8C5976201006}.Debug|x64.ActiveCfg = Debug|Any CPU
		{A140AC3B-C206-42C7-A0C0-8C5976201006}.Debug|x64.Build.0 = Debug|Any CPU
		{A140AC3B-C206-42C7-A0C0-8C5976201006}.Debug|x86.ActiveCfg = Debug|Any CPU
		{A140AC3B-C206-42C7-A0C0-8C5976201006}.Debug|x86.Build.0 = Debug|Any CPU
		{A140AC3B-C206-42C7-A0C0-8C5976201006}.Release|Any CPU.ActiveCfg = Release|Any CPU
		{A140AC3B-C206-42C7-A0C0-8C5976201006}.Release|Any CPU.Build.0 = Release|Any CPU
		{A140AC3B-C206-42C7-A0C0-8C5976201006}.Release|x64.ActiveCfg = Release|Any CPU
		{A140AC3B-C206-42C7-A0C0-8C5976201006}.Release|x64.Build.0 = Release|Any CPU
		{A140AC3B-C206-42C7-A0C0-8C5976201006}.Release|x86.ActiveCfg = Release|Any CPU
		{A140AC3B-C206-42C7-A0C0-8C5976201006}.Release|x86.Build.0 = Release|Any CPU
		{3C07607C-A7B1-45B6-8A11-519C6C88CBD2}.Debug|Any CPU.ActiveCfg = Debug|Any CPU
		{3C07607C-A7B1-45B6-8A11-519C6C88CBD2}.Debug|Any CPU.Build.0 = Debug|Any CPU
		{3C07607C-A7B1-45B6-8A11-519C6C88CBD2}.Debug|x64.ActiveCfg = Debug|Any CPU
		{3C07607C-A7B1-45B6-8A11-519C6C88CBD2}.Debug|x64.Build.0 = Debug|Any CPU
		{3C07607C-A7B1-45B6-8A11-519C6C88CBD2}.Debug|x86.ActiveCfg = Debug|Any CPU
		{3C07607C-A7B1-45B6-8A11-519C6C88CBD2}.Debug|x86.Build.0 = Debug|Any CPU
		{3C07607C-A7B1-45B6-8A11-519C6C88CBD2}.Release|Any CPU.ActiveCfg = Release|Any CPU
		{3C07607C-A7B1-45B6-8A11-519C6C88CBD2}.Release|Any CPU.Build.0 = Release|Any CPU
		{3C07607C-A7B1-45B6-8A11-519C6C88CBD2}.Release|x64.ActiveCfg = Release|Any CPU
		{3C07607C-A7B1-45B6-8A11-519C6C88CBD2}.Release|x64.Build.0 = Release|Any CPU
		{3C07607C-A7B1-45B6-8A11-519C6C88CBD2}.Release|x86.ActiveCfg = Release|Any CPU
		{3C07607C-A7B1-45B6-8A11-519C6C88CBD2}.Release|x86.Build.0 = Release|Any CPU
		{9798B2DC-6D4D-4D6F-AF28-27692E91E692}.Debug|Any CPU.ActiveCfg = Debug|Any CPU
		{9798B2DC-6D4D-4D6F-AF28-27692E91E692}.Debug|Any CPU.Build.0 = Debug|Any CPU
		{9798B2DC-6D4D-4D6F-AF28-27692E91E692}.Debug|x64.ActiveCfg = Debug|Any CPU
		{9798B2DC-6D4D-4D6F-AF28-27692E91E692}.Debug|x64.Build.0 = Debug|Any CPU
		{9798B2DC-6D4D-4D6F-AF28-27692E91E692}.Debug|x86.ActiveCfg = Debug|Any CPU
		{9798B2DC-6D4D-4D6F-AF28-27692E91E692}.Debug|x86.Build.0 = Debug|Any CPU
		{9798B2DC-6D4D-4D6F-AF28-27692E91E692}.Release|Any CPU.ActiveCfg = Release|Any CPU
		{9798B2DC-6D4D-4D6F-AF28-27692E91E692}.Release|Any CPU.Build.0 = Release|Any CPU
		{9798B2DC-6D4D-4D6F-AF28-27692E91E692}.Release|x64.ActiveCfg = Release|Any CPU
		{9798B2DC-6D4D-4D6F-AF28-27692E91E692}.Release|x64.Build.0 = Release|Any CPU
		{9798B2DC-6D4D-4D6F-AF28-27692E91E692}.Release|x86.ActiveCfg = Release|Any CPU
		{9798B2DC-6D4D-4D6F-AF28-27692E91E692}.Release|x86.Build.0 = Release|Any CPU
		{EFEF4427-84FD-4F20-969C-9250616C126A}.Debug|Any CPU.ActiveCfg = Debug|Any CPU
		{EFEF4427-84FD-4F20-969C-9250616C126A}.Debug|Any CPU.Build.0 = Debug|Any CPU
		{EFEF4427-84FD-4F20-969C-9250616C126A}.Debug|x64.ActiveCfg = Debug|Any CPU
		{EFEF4427-84FD-4F20-969C-9250616C126A}.Debug|x64.Build.0 = Debug|Any CPU
		{EFEF4427-84FD-4F20-969C-9250616C126A}.Debug|x86.ActiveCfg = Debug|Any CPU
		{EFEF4427-84FD-4F20-969C-9250616C126A}.Debug|x86.Build.0 = Debug|Any CPU
		{EFEF4427-84FD-4F20-969C-9250616C126A}.Release|Any CPU.ActiveCfg = Release|Any CPU
		{EFEF4427-84FD-4F20-969C-9250616C126A}.Release|Any CPU.Build.0 = Release|Any CPU
		{EFEF4427-84FD-4F20-969C-9250616C126A}.Release|x64.ActiveCfg = Release|Any CPU
		{EFEF4427-84FD-4F20-969C-9250616C126A}.Release|x64.Build.0 = Release|Any CPU
		{EFEF4427-84FD-4F20-969C-9250616C126A}.Release|x86.ActiveCfg = Release|Any CPU
		{EFEF4427-84FD-4F20-969C-9250616C126A}.Release|x86.Build.0 = Release|Any CPU
		{3E65C3CE-C838-4495-A57D-EC7030DCAD6F}.Debug|Any CPU.ActiveCfg = Debug|Any CPU
		{3E65C3CE-C838-4495-A57D-EC7030DCAD6F}.Debug|Any CPU.Build.0 = Debug|Any CPU
		{3E65C3CE-C838-4495-A57D-EC7030DCAD6F}.Debug|x64.ActiveCfg = Debug|Any CPU
		{3E65C3CE-C838-4495-A57D-EC7030DCAD6F}.Debug|x64.Build.0 = Debug|Any CPU
		{3E65C3CE-C838-4495-A57D-EC7030DCAD6F}.Debug|x86.ActiveCfg = Debug|Any CPU
		{3E65C3CE-C838-4495-A57D-EC7030DCAD6F}.Debug|x86.Build.0 = Debug|Any CPU
		{3E65C3CE-C838-4495-A57D-EC7030DCAD6F}.Release|Any CPU.ActiveCfg = Release|Any CPU
		{3E65C3CE-C838-4495-A57D-EC7030DCAD6F}.Release|Any CPU.Build.0 = Release|Any CPU
		{3E65C3CE-C838-4495-A57D-EC7030DCAD6F}.Release|x64.ActiveCfg = Release|Any CPU
		{3E65C3CE-C838-4495-A57D-EC7030DCAD6F}.Release|x64.Build.0 = Release|Any CPU
		{3E65C3CE-C838-4495-A57D-EC7030DCAD6F}.Release|x86.ActiveCfg = Release|Any CPU
		{3E65C3CE-C838-4495-A57D-EC7030DCAD6F}.Release|x86.Build.0 = Release|Any CPU
		{3D193776-67CA-42F9-8316-A32A679C8F07}.Debug|Any CPU.ActiveCfg = Debug|Any CPU
		{3D193776-67CA-42F9-8316-A32A679C8F07}.Debug|Any CPU.Build.0 = Debug|Any CPU
		{3D193776-67CA-42F9-8316-A32A679C8F07}.Debug|x64.ActiveCfg = Debug|Any CPU
		{3D193776-67CA-42F9-8316-A32A679C8F07}.Debug|x64.Build.0 = Debug|Any CPU
		{3D193776-67CA-42F9-8316-A32A679C8F07}.Debug|x86.ActiveCfg = Debug|Any CPU
		{3D193776-67CA-42F9-8316-A32A679C8F07}.Debug|x86.Build.0 = Debug|Any CPU
		{3D193776-67CA-42F9-8316-A32A679C8F07}.Release|Any CPU.ActiveCfg = Release|Any CPU
		{3D193776-67CA-42F9-8316-A32A679C8F07}.Release|Any CPU.Build.0 = Release|Any CPU
		{3D193776-67CA-42F9-8316-A32A679C8F07}.Release|x64.ActiveCfg = Release|Any CPU
		{3D193776-67CA-42F9-8316-A32A679C8F07}.Release|x64.Build.0 = Release|Any CPU
		{3D193776-67CA-42F9-8316-A32A679C8F07}.Release|x86.ActiveCfg = Release|Any CPU
		{3D193776-67CA-42F9-8316-A32A679C8F07}.Release|x86.Build.0 = Release|Any CPU
	EndGlobalSection
	GlobalSection(SolutionProperties) = preSolution
		HideSolutionNode = FALSE
	EndGlobalSection
	GlobalSection(NestedProjects) = preSolution
		{EC447DCF-ABFA-6E24-52A5-D7FD48A5C558} = {827E0CD3-B72D-47B6-A68D-7590B98EB39B}
		{A26F344D-182E-CE53-AD51-2154946AC6F3} = {EC447DCF-ABFA-6E24-52A5-D7FD48A5C558}
		{05D2B5B0-7BBD-47AB-9222-E24BEE991F0E} = {A26F344D-182E-CE53-AD51-2154946AC6F3}
		{A7869022-FCA8-429E-87CB-AF85ED7BF6AD} = {A26F344D-182E-CE53-AD51-2154946AC6F3}
		{A140AC3B-C206-42C7-A0C0-8C5976201006} = {A26F344D-182E-CE53-AD51-2154946AC6F3}
		{3C07607C-A7B1-45B6-8A11-519C6C88CBD2} = {A26F344D-182E-CE53-AD51-2154946AC6F3}
		{D7DC9B74-6BC4-2470-2038-1E57C2DCB73B} = {0AB3BF05-4346-4AA6-1389-037BE0695223}
		{88BF9D80-0990-C629-FF1D-330A8814DE88} = {D7DC9B74-6BC4-2470-2038-1E57C2DCB73B}
		{9798B2DC-6D4D-4D6F-AF28-27692E91E692} = {88BF9D80-0990-C629-FF1D-330A8814DE88}
		{EFEF4427-84FD-4F20-969C-9250616C126A} = {88BF9D80-0990-C629-FF1D-330A8814DE88}
		{3E65C3CE-C838-4495-A57D-EC7030DCAD6F} = {827E0CD3-B72D-47B6-A68D-7590B98EB39B}
		{3D193776-67CA-42F9-8316-A32A679C8F07} = {827E0CD3-B72D-47B6-A68D-7590B98EB39B}
	EndGlobalSection
EndGlobal
